
Microsoft Visual Studio Solution File, Format Version 12.00
# Visual Studio 2013
VisualStudioVersion = 12.0.30501.0
MinimumVisualStudioVersion = 10.0.40219.1
Project("{FAE04EC0-301F-11D3-BF4B-00C04F79EFBC}") = "Pvc.NuGet", "src\Pvc.NuGet.csproj", "{526A3D18-2FA3-4877-8E9C-4B8E89D2FA71}"
EndProject
Project("{2150E333-8FDC-42A3-9474-1A3956D46DE8}") = "Solution Items", "Solution Items", "{3723E837-D44C-4954-864D-2741A9654A9A}"
	ProjectSection(SolutionItems) = preProject
		pvcfile.csx = pvcfile.csx
		README.md = README.md
	EndProjectSection
EndProject
Global
	GlobalSection(SolutionConfigurationPlatforms) = preSolution
		Debug|Any CPU = Debug|Any CPU
		Release|Any CPU = Release|Any CPU
	EndGlobalSection
	GlobalSection(ProjectConfigurationPlatforms) = postSolution
		{526A3D18-2FA3-4877-8E9C-4B8E89D2FA71}.Debug|Any CPU.ActiveCfg = Debug|Any CPU
		{526A3D18-2FA3-4877-8E9C-4B8E89D2FA71}.Debug|Any CPU.Build.0 = Debug|Any CPU
		{526A3D18-2FA3-4877-8E9C-4B8E89D2FA71}.Release|Any CPU.ActiveCfg = Release|Any CPU
		{526A3D18-2FA3-4877-8E9C-4B8E89D2FA71}.Release|Any CPU.Build.0 = Release|Any CPU
	EndGlobalSection
	GlobalSection(SolutionProperties) = preSolution
		HideSolutionNode = FALSE
	EndGlobalSection
EndGlobal
